{
  "name": "@flytrx/test-lib",
  "version": "1.0.0",
  "lockfileVersion": 2,
  "requires": true,
  "packages": {
    "": {
      "name": "@flytrx/test-lib",
      "version": "1.0.0",
      "license": "ISC",
      "devDependencies": {},
      "engines": {
        "node": ">=16.12",
        "npm": ">=8.1"
      }
    }
  }
}
